// !$*UTF8*$!
{
	archiveVersion = 1;
	classes = {
	};
	objectVersion = 55;
	objects = {

/* Begin PBXBuildFile section */
		69DD2692DAC5FA9484E8E9FF /* Pods_HelloRxSwift.framework in Frameworks */ = {isa = PBXBuildFile; fileRef = 78580FF8D3B7A216DDB9F4E7 /* Pods_HelloRxSwift.framework */; };
		7B122E0B27D8D509004737CA /* AppDelegate.swift in Sources */ = {isa = PBXBuildFile; fileRef = 7B122E0A27D8D509004737CA /* AppDelegate.swift */; };
		7B122E0D27D8D509004737CA /* SceneDelegate.swift in Sources */ = {isa = PBXBuildFile; fileRef = 7B122E0C27D8D509004737CA /* SceneDelegate.swift */; };
		7B122E0F27D8D509004737CA /* ViewController.swift in Sources */ = {isa = PBXBuildFile; fileRef = 7B122E0E27D8D509004737CA /* ViewController.swift */; };
		7B122E1227D8D509004737CA /* Main.storyboard in Resources */ = {isa = PBXBuildFile; fileRef = 7B122E1027D8D509004737CA /* Main.storyboard */; };
		7B122E1427D8D50B004737CA /* Assets.xcassets in Resources */ = {isa = PBXBuildFile; fileRef = 7B122E1327D8D50B004737CA /* Assets.xcassets */; };
		7B122E1727D8D50B004737CA /* LaunchScreen.storyboard in Resources */ = {isa = PBXBuildFile; fileRef = 7B122E1527D8D50B004737CA /* LaunchScreen.storyboard */; };
/* End PBXBuildFile section */

/* Begin PBXFileReference section */
		78580FF8D3B7A216DDB9F4E7 /* Pods_HelloRxSwift.framework */ = {isa = PBXFileReference; explicitFileType = wrapper.framework; includeInIndex = 0; path = Pods_HelloRxSwift.framework; sourceTree = BUILT_PRODUCTS_DIR; };
		7B122E0727D8D509004737CA /* HelloRxSwift.app */ = {isa = PBXFileReference; explicitFileType = wrapper.application; includeInIndex = 0; path = HelloRxSwift.app; sourceTree = BUILT_PRODUCTS_DIR; };
		7B122E0A27D8D509004737CA /* AppDelegate.swift */ = {isa = PBXFileReference; lastKnownFileType = sourcecode.swift; path = AppDelegate.swift; sourceTree = "<group>"; };
		7B122E0C27D8D509004737CA /* SceneDelegate.swift */ = {isa = PBXFileReference; lastKnownFileType = sourcecode.swift; path = SceneDelegate.swift; sourceTree = "<group>"; };
		7B122E0E27D8D509004737CA /* ViewController.swift */ = {isa = PBXFileReference; lastKnownFileType = sourcecode.swift; path = ViewController.swift; sourceTree = "<group>"; };
		7B122E1127D8D509004737CA /* Base */ = {isa = PBXFileReference; lastKnownFileType = file.storyboard; name = Base; path = Base.lproj/Main.storyboard; sourceTree = "<group>"; };
		7B122E1327D8D50B004737CA /* Assets.xcassets */ = {isa = PBXFileReference; lastKnownFileType = folder.assetcatalog; path = Assets.xcassets; sourceTree = "<group>"; };
		7B122E1627D8D50B004737CA /* Base */ = {isa = PBXFileReference; lastKnownFileType = file.storyboard; name = Base; path = Base.lproj/LaunchScreen.storyboard; sourceTree = "<group>"; };
		7B122E1827D8D50B004737CA /* Info.plist */ = {isa = PBXFileReference; lastKnownFileType = text.plist.xml; path = Info.plist; sourceTree = "<group>"; };
		7B122E1E27D8DA2A004737CA /* Observable1.playground */ = {isa = PBXFileReference; lastKnownFileType = file.playground; path = Observable1.playground; sourceTree = "<group>"; xcLanguageSpecificationIdentifier = xcode.lang.swift; };
		7B122E1F27D8E6C5004737CA /* Observable2.playground */ = {isa = PBXFileReference; lastKnownFileType = file.playground; path = Observable2.playground; sourceTree = "<group>"; xcLanguageSpecificationIdentifier = xcode.lang.swift; };
		7B122E2027D8EDD7004737CA /* PublishSubject.playground */ = {isa = PBXFileReference; lastKnownFileType = file.playground; path = PublishSubject.playground; sourceTree = "<group>"; xcLanguageSpecificationIdentifier = xcode.lang.swift; };
		7B122E2127D8F133004737CA /* BehaviorSubject.playground */ = {isa = PBXFileReference; lastKnownFileType = file.playground; path = BehaviorSubject.playground; sourceTree = "<group>"; xcLanguageSpecificationIdentifier = xcode.lang.swift; };
		7B122E2227DAB0E7004737CA /* ReplaySubject.playground */ = {isa = PBXFileReference; lastKnownFileType = file.playground; path = ReplaySubject.playground; sourceTree = "<group>"; xcLanguageSpecificationIdentifier = xcode.lang.swift; };
		7B122E2327DAB323004737CA /* Variables.playground */ = {isa = PBXFileReference; lastKnownFileType = file.playground; path = Variables.playground; sourceTree = "<group>"; xcLanguageSpecificationIdentifier = xcode.lang.swift; };
		7B122E5427DB0491004737CA /* BehaviorRelay.playground */ = {isa = PBXFileReference; lastKnownFileType = file.playground; name = BehaviorRelay.playground; path = ../../BehaviorRelay.playground; sourceTree = "<group>"; xcLanguageSpecificationIdentifier = xcode.lang.swift; };
		7B4B2E8C288536DA0081098B /* MergeOperator.playground */ = {isa = PBXFileReference; lastKnownFileType = file.playground; path = MergeOperator.playground; sourceTree = "<group>"; xcLanguageSpecificationIdentifier = xcode.lang.swift; };
		7B4B2E8D28853A8D0081098B /* CombineLatest.playground */ = {isa = PBXFileReference; lastKnownFileType = file.playground; path = CombineLatest.playground; sourceTree = "<group>"; xcLanguageSpecificationIdentifier = xcode.lang.swift; };
		7B4B2E8F288540E00081098B /* WithLatestForm.playground */ = {isa = PBXFileReference; lastKnownFileType = file.playground; path = WithLatestForm.playground; sourceTree = "<group>"; xcLanguageSpecificationIdentifier = xcode.lang.swift; };
		7B4B2E90288542400081098B /* Reduce.playground */ = {isa = PBXFileReference; lastKnownFileType = file.playground; path = Reduce.playground; sourceTree = "<group>"; xcLanguageSpecificationIdentifier = xcode.lang.swift; };
		7B4B2E91288559EF0081098B /* Scan.playground */ = {isa = PBXFileReference; lastKnownFileType = file.playground; path = Scan.playground; sourceTree = "<group>"; xcLanguageSpecificationIdentifier = xcode.lang.swift; };
		7B579F1E28852B9E007B1A15 /* StartWith.playground */ = {isa = PBXFileReference; lastKnownFileType = file.playground; path = StartWith.playground; sourceTree = "<group>"; xcLanguageSpecificationIdentifier = xcode.lang.swift; };
		7B579F1F28853081007B1A15 /* Concat.playground */ = {isa = PBXFileReference; lastKnownFileType = file.playground; path = Concat.playground; sourceTree = "<group>"; xcLanguageSpecificationIdentifier = xcode.lang.swift; };
		7BBD101F2830F0D900390B8D /* IgnoreElements.playground */ = {isa = PBXFileReference; lastKnownFileType = file.playground; path = IgnoreElements.playground; sourceTree = "<group>"; xcLanguageSpecificationIdentifier = xcode.lang.swift; };
		7BBD10212830F7A600390B8D /* ElementAt.playground */ = {isa = PBXFileReference; lastKnownFileType = file.playground; path = ElementAt.playground; sourceTree = "<group>"; xcLanguageSpecificationIdentifier = xcode.lang.swift; };
		7BBD10222830F84E00390B8D /* Filter.playground */ = {isa = PBXFileReference; lastKnownFileType = file.playground; path = Filter.playground; sourceTree = "<group>"; xcLanguageSpecificationIdentifier = xcode.lang.swift; };
		7BBD10232830FF1C00390B8D /* Skip.playground */ = {isa = PBXFileReference; lastKnownFileType = file.playground; path = Skip.playground; sourceTree = "<group>"; xcLanguageSpecificationIdentifier = xcode.lang.swift; };
		7BBD10242831025300390B8D /* SkipWhile.playground */ = {isa = PBXFileReference; lastKnownFileType = file.playground; path = SkipWhile.playground; sourceTree = "<group>"; xcLanguageSpecificationIdentifier = xcode.lang.swift; };
		7BBD1025283105A600390B8D /* SkipUntil.playground */ = {isa = PBXFileReference; lastKnownFileType = file.playground; path = SkipUntil.playground; sourceTree = "<group>"; xcLanguageSpecificationIdentifier = xcode.lang.swift; };
		7BBD10262831096F00390B8D /* Take.playground */ = {isa = PBXFileReference; lastKnownFileType = file.playground; path = Take.playground; sourceTree = "<group>"; xcLanguageSpecificationIdentifier = xcode.lang.swift; };
		7BBD102728310A7C00390B8D /* TakeWhile.playground */ = {isa = PBXFileReference; lastKnownFileType = file.playground; path = TakeWhile.playground; sourceTree = "<group>"; xcLanguageSpecificationIdentifier = xcode.lang.swift; };
		7BBD1028283112AE00390B8D /* TakeUntil.playground */ = {isa = PBXFileReference; lastKnownFileType = file.playground; path = TakeUntil.playground; sourceTree = "<group>"; xcLanguageSpecificationIdentifier = xcode.lang.swift; };
		D2DF752A72C522DA93050042 /* Pods-HelloRxSwift.release.xcconfig */ = {isa = PBXFileReference; includeInIndex = 1; lastKnownFileType = text.xcconfig; name = "Pods-HelloRxSwift.release.xcconfig"; path = "Target Support Files/Pods-HelloRxSwift/Pods-HelloRxSwift.release.xcconfig"; sourceTree = "<group>"; };
		D96C8D8708BC225277EE4B06 /* Pods-HelloRxSwift.debug.xcconfig */ = {isa = PBXFileReference; includeInIndex = 1; lastKnownFileType = text.xcconfig; name = "Pods-HelloRxSwift.debug.xcconfig"; path = "Target Support Files/Pods-HelloRxSwift/Pods-HelloRxSwift.debug.xcconfig"; sourceTree = "<group>"; };
/* End PBXFileReference section */

/* Begin PBXFrameworksBuildPhase section */
		7B122E0427D8D509004737CA /* Frameworks */ = {
			isa = PBXFrameworksBuildPhase;
			buildActionMask = 2147483647;
			files = (
				69DD2692DAC5FA9484E8E9FF /* Pods_HelloRxSwift.framework in Frameworks */,
			);
			runOnlyForDeploymentPostprocessing = 0;
		};
/* End PBXFrameworksBuildPhase section */

/* Begin PBXGroup section */
		1A7274B4816F9806A935875B /* Frameworks */ = {
			isa = PBXGroup;
			children = (
				78580FF8D3B7A216DDB9F4E7 /* Pods_HelloRxSwift.framework */,
			);
			name = Frameworks;
			sourceTree = "<group>";
		};
		47639012DF0C0C45FE4A8822 /* Pods */ = {
			isa = PBXGroup;
			children = (
				D96C8D8708BC225277EE4B06 /* Pods-HelloRxSwift.debug.xcconfig */,
				D2DF752A72C522DA93050042 /* Pods-HelloRxSwift.release.xcconfig */,
			);
			path = Pods;
			sourceTree = "<group>";
		};
		7B122DFE27D8D508004737CA = {
			isa = PBXGroup;
			children = (
				7B122E0927D8D509004737CA /* HelloRxSwift */,
				7B122E0827D8D509004737CA /* Products */,
				47639012DF0C0C45FE4A8822 /* Pods */,
				1A7274B4816F9806A935875B /* Frameworks */,
			);
			sourceTree = "<group>";
		};
		7B122E0827D8D509004737CA /* Products */ = {
			isa = PBXGroup;
			children = (
				7B122E0727D8D509004737CA /* HelloRxSwift.app */,
			);
			name = Products;
			sourceTree = "<group>";
		};
		7B122E0927D8D509004737CA /* HelloRxSwift */ = {
			isa = PBXGroup;
			children = (
				7B579F1F28853081007B1A15 /* Concat.playground */,
				7B579F1E28852B9E007B1A15 /* StartWith.playground */,
				7B122E5427DB0491004737CA /* BehaviorRelay.playground */,
				7B122E2327DAB323004737CA /* Variables.playground */,
				7B122E2227DAB0E7004737CA /* ReplaySubject.playground */,
				7B122E2127D8F133004737CA /* BehaviorSubject.playground */,
				7B122E2027D8EDD7004737CA /* PublishSubject.playground */,
				7B122E1F27D8E6C5004737CA /* Observable2.playground */,
				7B122E1E27D8DA2A004737CA /* Observable1.playground */,
				7B122E0A27D8D509004737CA /* AppDelegate.swift */,
				7B122E0C27D8D509004737CA /* SceneDelegate.swift */,
				7B122E0E27D8D509004737CA /* ViewController.swift */,
				7B122E1027D8D509004737CA /* Main.storyboard */,
				7B122E1327D8D50B004737CA /* Assets.xcassets */,
				7B122E1527D8D50B004737CA /* LaunchScreen.storyboard */,
				7B122E1827D8D50B004737CA /* Info.plist */,
				7BBD101F2830F0D900390B8D /* IgnoreElements.playground */,
				7BBD10212830F7A600390B8D /* ElementAt.playground */,
				7BBD10222830F84E00390B8D /* Filter.playground */,
				7BBD10232830FF1C00390B8D /* Skip.playground */,
				7BBD10242831025300390B8D /* SkipWhile.playground */,
				7BBD1025283105A600390B8D /* SkipUntil.playground */,
				7BBD10262831096F00390B8D /* Take.playground */,
				7BBD102728310A7C00390B8D /* TakeWhile.playground */,
				7BBD1028283112AE00390B8D /* TakeUntil.playground */,
				7B4B2E8C288536DA0081098B /* MergeOperator.playground */,
				7B4B2E8D28853A8D0081098B /* CombineLatest.playground */,
				7B4B2E8F288540E00081098B /* WithLatestForm.playground */,
				7B4B2E90288542400081098B /* Reduce.playground */,
				7B4B2E91288559EF0081098B /* Scan.playground */,
			);
			path = HelloRxSwift;
			sourceTree = "<group>";
		};
/* End PBXGroup section */

/* Begin PBXNativeTarget section */
		7B122E0627D8D509004737CA /* HelloRxSwift */ = {
			isa = PBXNativeTarget;
			buildConfigurationList = 7B122E1B27D8D50B004737CA /* Build configuration list for PBXNativeTarget "HelloRxSwift" */;
			buildPhases = (
				3483364F91226AB7BE312C20 /* [CP] Check Pods Manifest.lock */,
				7B122E0327D8D509004737CA /* Sources */,
				7B122E0427D8D509004737CA /* Frameworks */,
				7B122E0527D8D509004737CA /* Resources */,
				148BB28AF5432285A16848DB /* [CP] Embed Pods Frameworks */,
			);
			buildRules = (
			);
			dependencies = (
			);
			name = HelloRxSwift;
			productName = HelloRxSwift;
			productReference = 7B122E0727D8D509004737CA /* HelloRxSwift.app */;
			productType = "com.apple.product-type.application";
		};
/* End PBXNativeTarget section */

/* Begin PBXProject section */
		7B122DFF27D8D508004737CA /* Project object */ = {
			isa = PBXProject;
			attributes = {
				BuildIndependentTargetsInParallel = 1;
				LastSwiftUpdateCheck = 1320;
				LastUpgradeCheck = 1320;
				TargetAttributes = {
					7B122E0627D8D509004737CA = {
						CreatedOnToolsVersion = 13.2.1;
					};
				};
			};
			buildConfigurationList = 7B122E0227D8D508004737CA /* Build configuration list for PBXProject "HelloRxSwift" */;
			compatibilityVersion = "Xcode 13.0";
			developmentRegion = en;
			hasScannedForEncodings = 0;
			knownRegions = (
				en,
				Base,
			);
			mainGroup = 7B122DFE27D8D508004737CA;
			productRefGroup = 7B122E0827D8D509004737CA /* Products */;
			projectDirPath = "";
			projectRoot = "";
			targets = (
				7B122E0627D8D509004737CA /* HelloRxSwift */,
			);
		};
/* End PBXProject section */

/* Begin PBXResourcesBuildPhase section */
		7B122E0527D8D509004737CA /* Resources */ = {
			isa = PBXResourcesBuildPhase;
			buildActionMask = 2147483647;
			files = (
				7B122E1727D8D50B004737CA /* LaunchScreen.storyboard in Resources */,
				7B122E1427D8D50B004737CA /* Assets.xcassets in Resources */,
				7B122E1227D8D509004737CA /* Main.storyboard in Resources */,
			);
			runOnlyForDeploymentPostprocessing = 0;
		};
/* End PBXResourcesBuildPhase section */

/* Begin PBXShellScriptBuildPhase section */
		148BB28AF5432285A16848DB /* [CP] Embed Pods Frameworks */ = {
			isa = PBXShellScriptBuildPhase;
			buildActionMask = 2147483647;
			files = (
			);
			inputFileListPaths = (
				"${PODS_ROOT}/Target Support Files/Pods-HelloRxSwift/Pods-HelloRxSwift-frameworks-${CONFIGURATION}-input-files.xcfilelist",
			);
			name = "[CP] Embed Pods Frameworks";
			outputFileListPaths = (
				"${PODS_ROOT}/Target Support Files/Pods-HelloRxSwift/Pods-HelloRxSwift-frameworks-${CONFIGURATION}-output-files.xcfilelist",
			);
			runOnlyForDeploymentPostprocessing = 0;
			shellPath = /bin/sh;
			shellScript = "\"${PODS_ROOT}/Target Support Files/Pods-HelloRxSwift/Pods-HelloRxSwift-frameworks.sh\"\n";
			showEnvVarsInLog = 0;
		};
		3483364F91226AB7BE312C20 /* [CP] Check Pods Manifest.lock */ = {
			isa = PBXShellScriptBuildPhase;
			buildActionMask = 2147483647;
			files = (
			);
			inputFileListPaths = (
			);
			inputPaths = (
				"${PODS_PODFILE_DIR_PATH}/Podfile.lock",
				"${PODS_ROOT}/Manifest.lock",
			);
			name = "[CP] Check Pods Manifest.lock";
			outputFileListPaths = (
			);
			outputPaths = (
				"$(DERIVED_FILE_DIR)/Pods-HelloRxSwift-checkManifestLockResult.txt",
			);
			runOnlyForDeploymentPostprocessing = 0;
			shellPath = /bin/sh;
			shellScript = "diff \"${PODS_PODFILE_DIR_PATH}/Podfile.lock\" \"${PODS_ROOT}/Manifest.lock\" > /dev/null\nif [ $? != 0 ] ; then\n    # print error to STDERR\n    echo \"error: The sandbox is not in sync with the Podfile.lock. Run 'pod install' or update your CocoaPods installation.\" >&2\n    exit 1\nfi\n# This output is used by Xcode 'outputs' to avoid re-running this script phase.\necho \"SUCCESS\" > \"${SCRIPT_OUTPUT_FILE_0}\"\n";
			showEnvVarsInLog = 0;
		};
/* End PBXShellScriptBuildPhase section */

/* Begin PBXSourcesBuildPhase section */
		7B122E0327D8D509004737CA /* Sources */ = {
			isa = PBXSourcesBuildPhase;
			buildActionMask = 2147483647;
			files = (
				7B122E0F27D8D509004737CA /* ViewController.swift in Sources */,
				7B122E0B27D8D509004737CA /* AppDelegate.swift in Sources */,
				7B122E0D27D8D509004737CA /* SceneDelegate.swift in Sources */,
			);
			runOnlyForDeploymentPostprocessing = 0;
		};
/* End PBXSourcesBuildPhase section */

/* Begin PBXVariantGroup section */
		7B122E1027D8D509004737CA /* Main.storyboard */ = {
			isa = PBXVariantGroup;
			children = (
				7B122E1127D8D509004737CA /* Base */,
			);
			name = Main.storyboard;
			sourceTree = "<group>";
		};
		7B122E1527D8D50B004737CA /* LaunchScreen.storyboard */ = {
			isa = PBXVariantGroup;
			children = (
				7B122E1627D8D50B004737CA /* Base */,
			);
			name = LaunchScreen.storyboard;
			sourceTree = "<group>";
		};
/* End PBXVariantGroup section */

/* Begin XCBuildConfiguration section */
		7B122E1927D8D50B004737CA /* Debug */ = {
			isa = XCBuildConfiguration;
			buildSettings = {
				ALWAYS_SEARCH_USER_PATHS = NO;
				CLANG_ANALYZER_NONNULL = YES;
				CLANG_ANALYZER_NUMBER_OBJECT_CONVERSION = YES_AGGRESSIVE;
				CLANG_CXX_LANGUAGE_STANDARD = "gnu++17";
				CLANG_CXX_LIBRARY = "libc++";
				CLANG_ENABLE_MODULES = YES;
				CLANG_ENABLE_OBJC_ARC = YES;
				CLANG_ENABLE_OBJC_WEAK = YES;
				CLANG_WARN_BLOCK_CAPTURE_AUTORELEASING = YES;
				CLANG_WARN_BOOL_CONVERSION = YES;
				CLANG_WARN_COMMA = YES;
				CLANG_WARN_CONSTANT_CONVERSION = YES;
				CLANG_WARN_DEPRECATED_OBJC_IMPLEMENTATIONS = YES;
				CLANG_WARN_DIRECT_OBJC_ISA_USAGE = YES_ERROR;
				CLANG_WARN_DOCUMENTATION_COMMENTS = YES;
				CLANG_WARN_EMPTY_BODY = YES;
				CLANG_WARN_ENUM_CONVERSION = YES;
				CLANG_WARN_INFINITE_RECURSION = YES;
				CLANG_WARN_INT_CONVERSION = YES;
				CLANG_WARN_NON_LITERAL_NULL_CONVERSION = YES;
				CLANG_WARN_OBJC_IMPLICIT_RETAIN_SELF = YES;
				CLANG_WARN_OBJC_LITERAL_CONVERSION = YES;
				CLANG_WARN_OBJC_ROOT_CLASS = YES_ERROR;
				CLANG_WARN_QUOTED_INCLUDE_IN_FRAMEWORK_HEADER = YES;
				CLANG_WARN_RANGE_LOOP_ANALYSIS = YES;
				CLANG_WARN_STRICT_PROTOTYPES = YES;
				CLANG_WARN_SUSPICIOUS_MOVE = YES;
				CLANG_WARN_UNGUARDED_AVAILABILITY = YES_AGGRESSIVE;
				CLANG_WARN_UNREACHABLE_CODE = YES;
				CLANG_WARN__DUPLICATE_METHOD_MATCH = YES;
				COPY_PHASE_STRIP = NO;
				DEBUG_INFORMATION_FORMAT = dwarf;
				ENABLE_STRICT_OBJC_MSGSEND = YES;
				ENABLE_TESTABILITY = YES;
				GCC_C_LANGUAGE_STANDARD = gnu11;
				GCC_DYNAMIC_NO_PIC = NO;
				GCC_NO_COMMON_BLOCKS = YES;
				GCC_OPTIMIZATION_LEVEL = 0;
				GCC_PREPROCESSOR_DEFINITIONS = (
					"DEBUG=1",
					"$(inherited)",
				);
				GCC_WARN_64_TO_32_BIT_CONVERSION = YES;
				GCC_WARN_ABOUT_RETURN_TYPE = YES_ERROR;
				GCC_WARN_UNDECLARED_SELECTOR = YES;
				GCC_WARN_UNINITIALIZED_AUTOS = YES_AGGRESSIVE;
				GCC_WARN_UNUSED_FUNCTION = YES;
				GCC_WARN_UNUSED_VARIABLE = YES;
				IPHONEOS_DEPLOYMENT_TARGET = 15.2;
				MTL_ENABLE_DEBUG_INFO = INCLUDE_SOURCE;
				MTL_FAST_MATH = YES;
				ONLY_ACTIVE_ARCH = YES;
				SDKROOT = iphoneos;
				SWIFT_ACTIVE_COMPILATION_CONDITIONS = DEBUG;
				SWIFT_OPTIMIZATION_LEVEL = "-Onone";
			};
			name = Debug;
		};
		7B122E1A27D8D50B004737CA /* Release */ = {
			isa = XCBuildConfiguration;
			buildSettings = {
				ALWAYS_SEARCH_USER_PATHS = NO;
				CLANG_ANALYZER_NONNULL = YES;
				CLANG_ANALYZER_NUMBER_OBJECT_CONVERSION = YES_AGGRESSIVE;
				CLANG_CXX_LANGUAGE_STANDARD = "gnu++17";
				CLANG_CXX_LIBRARY = "libc++";
				CLANG_ENABLE_MODULES = YES;
				CLANG_ENABLE_OBJC_ARC = YES;
				CLANG_ENABLE_OBJC_WEAK = YES;
				CLANG_WARN_BLOCK_CAPTURE_AUTORELEASING = YES;
				CLANG_WARN_BOOL_CONVERSION = YES;
				CLANG_WARN_COMMA = YES;
				CLANG_WARN_CONSTANT_CONVERSION = YES;
				CLANG_WARN_DEPRECATED_OBJC_IMPLEMENTATIONS = YES;
				CLANG_WARN_DIRECT_OBJC_ISA_USAGE = YES_ERROR;
				CLANG_WARN_DOCUMENTATION_COMMENTS = YES;
				CLANG_WARN_EMPTY_BODY = YES;
				CLANG_WARN_ENUM_CONVERSION = YES;
				CLANG_WARN_INFINITE_RECURSION = YES;
				CLANG_WARN_INT_CONVERSION = YES;
				CLANG_WARN_NON_LITERAL_NULL_CONVERSION = YES;
				CLANG_WARN_OBJC_IMPLICIT_RETAIN_SELF = YES;
				CLANG_WARN_OBJC_LITERAL_CONVERSION = YES;
				CLANG_WARN_OBJC_ROOT_CLASS = YES_ERROR;
				CLANG_WARN_QUOTED_INCLUDE_IN_FRAMEWORK_HEADER = YES;
				CLANG_WARN_RANGE_LOOP_ANALYSIS = YES;
				CLANG_WARN_STRICT_PROTOTYPES = YES;
				CLANG_WARN_SUSPICIOUS_MOVE = YES;
				CLANG_WARN_UNGUARDED_AVAILABILITY = YES_AGGRESSIVE;
				CLANG_WARN_UNREACHABLE_CODE = YES;
				CLANG_WARN__DUPLICATE_METHOD_MATCH = YES;
				COPY_PHASE_STRIP = NO;
				DEBUG_INFORMATION_FORMAT = "dwarf-with-dsym";
				ENABLE_NS_ASSERTIONS = NO;
				ENABLE_STRICT_OBJC_MSGSEND = YES;
				GCC_C_LANGUAGE_STANDARD = gnu11;
				GCC_NO_COMMON_BLOCKS = YES;
				GCC_WARN_64_TO_32_BIT_CONVERSION = YES;
				GCC_WARN_ABOUT_RETURN_TYPE = YES_ERROR;
				GCC_WARN_UNDECLARED_SELECTOR = YES;
				GCC_WARN_UNINITIALIZED_AUTOS = YES_AGGRESSIVE;
				GCC_WARN_UNUSED_FUNCTION = YES;
				GCC_WARN_UNUSED_VARIABLE = YES;
				IPHONEOS_DEPLOYMENT_TARGET = 15.2;
				MTL_ENABLE_DEBUG_INFO = NO;
				MTL_FAST_MATH = YES;
				SDKROOT = iphoneos;
				SWIFT_COMPILATION_MODE = wholemodule;
				SWIFT_OPTIMIZATION_LEVEL = "-O";
				VALIDATE_PRODUCT = YES;
			};
			name = Release;
		};
		7B122E1C27D8D50B004737CA /* Debug */ = {
			isa = XCBuildConfiguration;
			baseConfigurationReference = D96C8D8708BC225277EE4B06 /* Pods-HelloRxSwift.debug.xcconfig */;
			buildSettings = {
				ASSETCATALOG_COMPILER_APPICON_NAME = AppIcon;
				ASSETCATALOG_COMPILER_GLOBAL_ACCENT_COLOR_NAME = AccentColor;
				CODE_SIGN_STYLE = Automatic;
				CURRENT_PROJECT_VERSION = 1;
				GENERATE_INFOPLIST_FILE = YES;
				INFOPLIST_FILE = HelloRxSwift/Info.plist;
				INFOPLIST_KEY_UIApplicationSupportsIndirectInputEvents = YES;
				INFOPLIST_KEY_UILaunchStoryboardName = LaunchScreen;
				INFOPLIST_KEY_UIMainStoryboardFile = Main;
				INFOPLIST_KEY_UISupportedInterfaceOrientations_iPad = "UIInterfaceOrientationPortrait UIInterfaceOrientationPortraitUpsideDown UIInterfaceOrientationLandscapeLeft UIInterfaceOrientationLandscapeRight";
				INFOPLIST_KEY_UISupportedInterfaceOrientations_iPhone = "UIInterfaceOrientationPortrait UIInterfaceOrientationLandscapeLeft UIInterfaceOrientationLandscapeRight";
				LD_RUNPATH_SEARCH_PATHS = (
					"$(inherited)",
					"@executable_path/Frameworks",
				);
				MARKETING_VERSION = 1.0;
				PRODUCT_BUNDLE_IDENTIFIER = com.codewithkyo.HelloRxSwift;
				PRODUCT_NAME = "$(TARGET_NAME)";
				SWIFT_EMIT_LOC_STRINGS = YES;
				SWIFT_VERSION = 5.0;
				TARGETED_DEVICE_FAMILY = "1,2";
			};
			name = Debug;
		};
		7B122E1D27D8D50B004737CA /* Release */ = {
			isa = XCBuildConfiguration;
			baseConfigurationReference = D2DF752A72C522DA93050042 /* Pods-HelloRxSwift.release.xcconfig */;
			buildSettings = {
				ASSETCATALOG_COMPILER_APPICON_NAME = AppIcon;
				ASSETCATALOG_COMPILER_GLOBAL_ACCENT_COLOR_NAME = AccentColor;
				CODE_SIGN_STYLE = Automatic;
				CURRENT_PROJECT_VERSION = 1;
				GENERATE_INFOPLIST_FILE = YES;
				INFOPLIST_FILE = HelloRxSwift/Info.plist;
				INFOPLIST_KEY_UIApplicationSupportsIndirectInputEvents = YES;
				INFOPLIST_KEY_UILaunchStoryboardName = LaunchScreen;
				INFOPLIST_KEY_UIMainStoryboardFile = Main;
				INFOPLIST_KEY_UISupportedInterfaceOrientations_iPad = "UIInterfaceOrientationPortrait UIInterfaceOrientationPortraitUpsideDown UIInterfaceOrientationLandscapeLeft UIInterfaceOrientationLandscapeRight";
				INFOPLIST_KEY_UISupportedInterfaceOrientations_iPhone = "UIInterfaceOrientationPortrait UIInterfaceOrientationLandscapeLeft UIInterfaceOrientationLandscapeRight";
				LD_RUNPATH_SEARCH_PATHS = (
					"$(inherited)",
					"@executable_path/Frameworks",
				);
				MARKETING_VERSION = 1.0;
				PRODUCT_BUNDLE_IDENTIFIER = com.codewithkyo.HelloRxSwift;
				PRODUCT_NAME = "$(TARGET_NAME)";
				SWIFT_EMIT_LOC_STRINGS = YES;
				SWIFT_VERSION = 5.0;
				TARGETED_DEVICE_FAMILY = "1,2";
			};
			name = Release;
		};
/* End XCBuildConfiguration section */

/* Begin XCConfigurationList section */
		7B122E0227D8D508004737CA /* Build configuration list for PBXProject "HelloRxSwift" */ = {
			isa = XCConfigurationList;
			buildConfigurations = (
				7B122E1927D8D50B004737CA /* Debug */,
				7B122E1A27D8D50B004737CA /* Release */,
			);
			defaultConfigurationIsVisible = 0;
			defaultConfigurationName = Release;
		};
		7B122E1B27D8D50B004737CA /* Build configuration list for PBXNativeTarget "HelloRxSwift" */ = {
			isa = XCConfigurationList;
			buildConfigurations = (
				7B122E1C27D8D50B004737CA /* Debug */,
				7B122E1D27D8D50B004737CA /* Release */,
			);
			defaultConfigurationIsVisible = 0;
			defaultConfigurationName = Release;
		};
/* End XCConfigurationList section */
	};
	rootObject = 7B122DFF27D8D508004737CA /* Project object */;
}
